// !$*UTF8*$!
{
	archiveVersion = 1;
	classes = {
	};
	objectVersion = 50;
	objects = {

/* Begin PBXBuildFile section */
		D013AA162507ED6F00A78F53 /* Location.swift in Sources */ = {isa = PBXBuildFile; fileRef = D013AA152507ED6F00A78F53 /* Location.swift */; };
		D065D4242507A0DE007C2413 /* ParkingAPI.swift in Sources */ = {isa = PBXBuildFile; fileRef = D065D4232507A0DE007C2413 /* ParkingAPI.swift */; };
		D065D4262507A438007C2413 /* Parking.swift in Sources */ = {isa = PBXBuildFile; fileRef = D065D4252507A438007C2413 /* Parking.swift */; };
		D065D4282507B2B8007C2413 /* ParkingCell.swift in Sources */ = {isa = PBXBuildFile; fileRef = D065D4272507B2B8007C2413 /* ParkingCell.swift */; };
		D065D42C2507B947007C2413 /* Nunito-Regular.ttf in Resources */ = {isa = PBXBuildFile; fileRef = D065D42A2507B947007C2413 /* Nunito-Regular.ttf */; };
		D065D42D2507B947007C2413 /* Nunito-Bold.ttf in Resources */ = {isa = PBXBuildFile; fileRef = D065D42B2507B947007C2413 /* Nunito-Bold.ttf */; };
		D065D42F2507C31A007C2413 /* Capacity.swift in Sources */ = {isa = PBXBuildFile; fileRef = D065D42E2507C31A007C2413 /* Capacity.swift */; };
		D07B95BD25078C8E00005DD8 /* AppDelegate.swift in Sources */ = {isa = PBXBuildFile; fileRef = D07B95BC25078C8E00005DD8 /* AppDelegate.swift */; };
		D07B95BF25078C8E00005DD8 /* SceneDelegate.swift in Sources */ = {isa = PBXBuildFile; fileRef = D07B95BE25078C8E00005DD8 /* SceneDelegate.swift */; };
		D07B95C125078C8E00005DD8 /* ParkingListViewController.swift in Sources */ = {isa = PBXBuildFile; fileRef = D07B95C025078C8E00005DD8 /* ParkingListViewController.swift */; };
		D07B95C625078C9100005DD8 /* Assets.xcassets in Resources */ = {isa = PBXBuildFile; fileRef = D07B95C525078C9100005DD8 /* Assets.xcassets */; };
		D07B95C925078C9100005DD8 /* LaunchScreen.storyboard in Resources */ = {isa = PBXBuildFile; fileRef = D07B95C725078C9100005DD8 /* LaunchScreen.storyboard */; };
/* End PBXBuildFile section */

/* Begin PBXFileReference section */
		D013AA152507ED6F00A78F53 /* Location.swift */ = {isa = PBXFileReference; lastKnownFileType = sourcecode.swift; path = Location.swift; sourceTree = "<group>"; };
		D065D4232507A0DE007C2413 /* ParkingAPI.swift */ = {isa = PBXFileReference; lastKnownFileType = sourcecode.swift; path = ParkingAPI.swift; sourceTree = "<group>"; };
		D065D4252507A438007C2413 /* Parking.swift */ = {isa = PBXFileReference; lastKnownFileType = sourcecode.swift; path = Parking.swift; sourceTree = "<group>"; };
		D065D4272507B2B8007C2413 /* ParkingCell.swift */ = {isa = PBXFileReference; lastKnownFileType = sourcecode.swift; path = ParkingCell.swift; sourceTree = "<group>"; };
		D065D42A2507B947007C2413 /* Nunito-Regular.ttf */ = {isa = PBXFileReference; lastKnownFileType = file; name = "Nunito-Regular.ttf"; path = "../../../../../../../Downloads/Nunito/Nunito-Regular.ttf"; sourceTree = "<group>"; };
		D065D42B2507B947007C2413 /* Nunito-Bold.ttf */ = {isa = PBXFileReference; lastKnownFileType = file; name = "Nunito-Bold.ttf"; path = "../../../../../../../Downloads/Nunito/Nunito-Bold.ttf"; sourceTree = "<group>"; };
		D065D42E2507C31A007C2413 /* Capacity.swift */ = {isa = PBXFileReference; lastKnownFileType = sourcecode.swift; path = Capacity.swift; sourceTree = "<group>"; };
		D07B95B925078C8E00005DD8 /* Live Parking Ghent.app */ = {isa = PBXFileReference; explicitFileType = wrapper.application; includeInIndex = 0; path = "Live Parking Ghent.app"; sourceTree = BUILT_PRODUCTS_DIR; };
		D07B95BC25078C8E00005DD8 /* AppDelegate.swift */ = {isa = PBXFileReference; lastKnownFileType = sourcecode.swift; path = AppDelegate.swift; sourceTree = "<group>"; };
		D07B95BE25078C8E00005DD8 /* SceneDelegate.swift */ = {isa = PBXFileReference; lastKnownFileType = sourcecode.swift; path = SceneDelegate.swift; sourceTree = "<group>"; };
		D07B95C025078C8E00005DD8 /* ParkingListViewController.swift */ = {isa = PBXFileReference; lastKnownFileType = sourcecode.swift; path = ParkingListViewController.swift; sourceTree = "<group>"; };
		D07B95C525078C9100005DD8 /* Assets.xcassets */ = {isa = PBXFileReference; lastKnownFileType = folder.assetcatalog; path = Assets.xcassets; sourceTree = "<group>"; };
		D07B95C825078C9100005DD8 /* Base */ = {isa = PBXFileReference; lastKnownFileType = file.storyboard; name = Base; path = Base.lproj/LaunchScreen.storyboard; sourceTree = "<group>"; };
		D07B95CA25078C9100005DD8 /* Info.plist */ = {isa = PBXFileReference; lastKnownFileType = text.plist.xml; path = Info.plist; sourceTree = "<group>"; };
/* End PBXFileReference section */

/* Begin PBXFrameworksBuildPhase section */
		D07B95B625078C8E00005DD8 /* Frameworks */ = {
			isa = PBXFrameworksBuildPhase;
			buildActionMask = 2147483647;
			files = (
			);
			runOnlyForDeploymentPostprocessing = 0;
		};
/* End PBXFrameworksBuildPhase section */

/* Begin PBXGroup section */
		D065D4292507B8E6007C2413 /* fonts */ = {
			isa = PBXGroup;
			children = (
				D065D42B2507B947007C2413 /* Nunito-Bold.ttf */,
				D065D42A2507B947007C2413 /* Nunito-Regular.ttf */,
			);
			path = fonts;
			sourceTree = "<group>";
		};
		D07B95B025078C8E00005DD8 = {
			isa = PBXGroup;
			children = (
				D07B95BB25078C8E00005DD8 /* Live Parking Ghent */,
				D07B95BA25078C8E00005DD8 /* Products */,
			);
			sourceTree = "<group>";
		};
		D07B95BA25078C8E00005DD8 /* Products */ = {
			isa = PBXGroup;
			children = (
				D07B95B925078C8E00005DD8 /* Live Parking Ghent.app */,
			);
			name = Products;
			sourceTree = "<group>";
		};
		D07B95BB25078C8E00005DD8 /* Live Parking Ghent */ = {
			isa = PBXGroup;
			children = (
				D07B95D52507925100005DD8 /* Controller */,
				D07B95D42507924A00005DD8 /* View */,
				D07B95D32507924300005DD8 /* Services */,
				D07B95D22507923C00005DD8 /* Model */,
				D07B95D12507922800005DD8 /* Extension */,
				D07B95D02507921600005DD8 /* CoreData */,
				D07B95BC25078C8E00005DD8 /* AppDelegate.swift */,
				D07B95BE25078C8E00005DD8 /* SceneDelegate.swift */,
				D07B95C525078C9100005DD8 /* Assets.xcassets */,
				D07B95CA25078C9100005DD8 /* Info.plist */,
				D065D4292507B8E6007C2413 /* fonts */,
			);
			path = "Live Parking Ghent";
			sourceTree = "<group>";
		};
		D07B95D02507921600005DD8 /* CoreData */ = {
			isa = PBXGroup;
			children = (
			);
			path = CoreData;
			sourceTree = "<group>";
		};
		D07B95D12507922800005DD8 /* Extension */ = {
			isa = PBXGroup;
			children = (
				D013AA152507ED6F00A78F53 /* Location.swift */,
			);
			path = Extension;
			sourceTree = "<group>";
		};
		D07B95D22507923C00005DD8 /* Model */ = {
			isa = PBXGroup;
			children = (
				D065D4252507A438007C2413 /* Parking.swift */,
				D065D42E2507C31A007C2413 /* Capacity.swift */,
			);
			path = Model;
			sourceTree = "<group>";
		};
		D07B95D32507924300005DD8 /* Services */ = {
			isa = PBXGroup;
			children = (
				D065D4232507A0DE007C2413 /* ParkingAPI.swift */,
			);
			path = Services;
			sourceTree = "<group>";
		};
		D07B95D42507924A00005DD8 /* View */ = {
			isa = PBXGroup;
			children = (
				D07B95D62507929F00005DD8 /* Cells */,
				D07B95C725078C9100005DD8 /* LaunchScreen.storyboard */,
			);
			path = View;
			sourceTree = "<group>";
		};
		D07B95D52507925100005DD8 /* Controller */ = {
			isa = PBXGroup;
			children = (
				D07B95C025078C8E00005DD8 /* ParkingListViewController.swift */,
			);
			path = Controller;
			sourceTree = "<group>";
		};
		D07B95D62507929F00005DD8 /* Cells */ = {
			isa = PBXGroup;
			children = (
				D065D4272507B2B8007C2413 /* ParkingCell.swift */,
			);
			path = Cells;
			sourceTree = "<group>";
		};
/* End PBXGroup section */

/* Begin PBXNativeTarget section */
		D07B95B825078C8E00005DD8 /* Live Parking Ghent */ = {
			isa = PBXNativeTarget;
			buildConfigurationList = D07B95CD25078C9100005DD8 /* Build configuration list for PBXNativeTarget "Live Parking Ghent" */;
			buildPhases = (
				D07B95B525078C8E00005DD8 /* Sources */,
				D07B95B625078C8E00005DD8 /* Frameworks */,
				D07B95B725078C8E00005DD8 /* Resources */,
			);
			buildRules = (
			);
			dependencies = (
			);
			name = "Live Parking Ghent";
			productName = "Live Parking Ghent";
			productReference = D07B95B925078C8E00005DD8 /* Live Parking Ghent.app */;
			productType = "com.apple.product-type.application";
		};
/* End PBXNativeTarget section */

/* Begin PBXProject section */
		D07B95B125078C8E00005DD8 /* Project object */ = {
			isa = PBXProject;
			attributes = {
				LastSwiftUpdateCheck = 1170;
				LastUpgradeCheck = 1170;
				ORGANIZATIONNAME = "Leunes Media";
				TargetAttributes = {
					D07B95B825078C8E00005DD8 = {
						CreatedOnToolsVersion = 11.7;
					};
				};
			};
			buildConfigurationList = D07B95B425078C8E00005DD8 /* Build configuration list for PBXProject "Live Parking Ghent" */;
			compatibilityVersion = "Xcode 9.3";
			developmentRegion = en;
			hasScannedForEncodings = 0;
			knownRegions = (
				en,
				Base,
			);
			mainGroup = D07B95B025078C8E00005DD8;
			productRefGroup = D07B95BA25078C8E00005DD8 /* Products */;
			projectDirPath = "";
			projectRoot = "";
			targets = (
				D07B95B825078C8E00005DD8 /* Live Parking Ghent */,
			);
		};
/* End PBXProject section */

/* Begin PBXResourcesBuildPhase section */
		D07B95B725078C8E00005DD8 /* Resources */ = {
			isa = PBXResourcesBuildPhase;
			buildActionMask = 2147483647;
			files = (
				D065D42C2507B947007C2413 /* Nunito-Regular.ttf in Resources */,
				D07B95C925078C9100005DD8 /* LaunchScreen.storyboard in Resources */,
				D065D42D2507B947007C2413 /* Nunito-Bold.ttf in Resources */,
				D07B95C625078C9100005DD8 /* Assets.xcassets in Resources */,
			);
			runOnlyForDeploymentPostprocessing = 0;
		};
/* End PBXResourcesBuildPhase section */

/* Begin PBXSourcesBuildPhase section */
		D07B95B525078C8E00005DD8 /* Sources */ = {
			isa = PBXSourcesBuildPhase;
			buildActionMask = 2147483647;
			files = (
				D07B95C125078C8E00005DD8 /* ParkingListViewController.swift in Sources */,
				D065D4242507A0DE007C2413 /* ParkingAPI.swift in Sources */,
				D013AA162507ED6F00A78F53 /* Location.swift in Sources */,
				D065D4282507B2B8007C2413 /* ParkingCell.swift in Sources */,
				D065D4262507A438007C2413 /* Parking.swift in Sources */,
				D07B95BD25078C8E00005DD8 /* AppDelegate.swift in Sources */,
				D065D42F2507C31A007C2413 /* Capacity.swift in Sources */,
				D07B95BF25078C8E00005DD8 /* SceneDelegate.swift in Sources */,
			);
			runOnlyForDeploymentPostprocessing = 0;
		};
/* End PBXSourcesBuildPhase section */

/* Begin PBXVariantGroup section */
		D07B95C725078C9100005DD8 /* LaunchScreen.storyboard */ = {
			isa = PBXVariantGroup;
			children = (
				D07B95C825078C9100005DD8 /* Base */,
			);
			name = LaunchScreen.storyboard;
			sourceTree = "<group>";
		};
/* End PBXVariantGroup section */

/* Begin XCBuildConfiguration section */
		D07B95CB25078C9100005DD8 /* Debug */ = {
			isa = XCBuildConfiguration;
			buildSettings = {
				ALWAYS_SEARCH_USER_PATHS = NO;
				CLANG_ANALYZER_NONNULL = YES;
				CLANG_ANALYZER_NUMBER_OBJECT_CONVERSION = YES_AGGRESSIVE;
				CLANG_CXX_LANGUAGE_STANDARD = "gnu++14";
				CLANG_CXX_LIBRARY = "libc++";
				CLANG_ENABLE_MODULES = YES;
				CLANG_ENABLE_OBJC_ARC = YES;
				CLANG_ENABLE_OBJC_WEAK = YES;
				CLANG_WARN_BLOCK_CAPTURE_AUTORELEASING = YES;
				CLANG_WARN_BOOL_CONVERSION = YES;
				CLANG_WARN_COMMA = YES;
				CLANG_WARN_CONSTANT_CONVERSION = YES;
				CLANG_WARN_DEPRECATED_OBJC_IMPLEMENTATIONS = YES;
				CLANG_WARN_DIRECT_OBJC_ISA_USAGE = YES_ERROR;
				CLANG_WARN_DOCUMENTATION_COMMENTS = YES;
				CLANG_WARN_EMPTY_BODY = YES;
				CLANG_WARN_ENUM_CONVERSION = YES;
				CLANG_WARN_INFINITE_RECURSION = YES;
				CLANG_WARN_INT_CONVERSION = YES;
				CLANG_WARN_NON_LITERAL_NULL_CONVERSION = YES;
				CLANG_WARN_OBJC_IMPLICIT_RETAIN_SELF = YES;
				CLANG_WARN_OBJC_LITERAL_CONVERSION = YES;
				CLANG_WARN_OBJC_ROOT_CLASS = YES_ERROR;
				CLANG_WARN_RANGE_LOOP_ANALYSIS = YES;
				CLANG_WARN_STRICT_PROTOTYPES = YES;
				CLANG_WARN_SUSPICIOUS_MOVE = YES;
				CLANG_WARN_UNGUARDED_AVAILABILITY = YES_AGGRESSIVE;
				CLANG_WARN_UNREACHABLE_CODE = YES;
				CLANG_WARN__DUPLICATE_METHOD_MATCH = YES;
				COPY_PHASE_STRIP = NO;
				DEBUG_INFORMATION_FORMAT = dwarf;
				ENABLE_STRICT_OBJC_MSGSEND = YES;
				ENABLE_TESTABILITY = YES;
				GCC_C_LANGUAGE_STANDARD = gnu11;
				GCC_DYNAMIC_NO_PIC = NO;
				GCC_NO_COMMON_BLOCKS = YES;
				GCC_OPTIMIZATION_LEVEL = 0;
				GCC_PREPROCESSOR_DEFINITIONS = (
					"DEBUG=1",
					"$(inherited)",
				);
				GCC_WARN_64_TO_32_BIT_CONVERSION = YES;
				GCC_WARN_ABOUT_RETURN_TYPE = YES_ERROR;
				GCC_WARN_UNDECLARED_SELECTOR = YES;
				GCC_WARN_UNINITIALIZED_AUTOS = YES_AGGRESSIVE;
				GCC_WARN_UNUSED_FUNCTION = YES;
				GCC_WARN_UNUSED_VARIABLE = YES;
				IPHONEOS_DEPLOYMENT_TARGET = 13.7;
				MTL_ENABLE_DEBUG_INFO = INCLUDE_SOURCE;
				MTL_FAST_MATH = YES;
				ONLY_ACTIVE_ARCH = YES;
				SDKROOT = iphoneos;
				SWIFT_ACTIVE_COMPILATION_CONDITIONS = DEBUG;
				SWIFT_OPTIMIZATION_LEVEL = "-Onone";
			};
			name = Debug;
		};
		D07B95CC25078C9100005DD8 /* Release */ = {
			isa = XCBuildConfiguration;
			buildSettings = {
				ALWAYS_SEARCH_USER_PATHS = NO;
				CLANG_ANALYZER_NONNULL = YES;
				CLANG_ANALYZER_NUMBER_OBJECT_CONVERSION = YES_AGGRESSIVE;
				CLANG_CXX_LANGUAGE_STANDARD = "gnu++14";
				CLANG_CXX_LIBRARY = "libc++";
				CLANG_ENABLE_MODULES = YES;
				CLANG_ENABLE_OBJC_ARC = YES;
				CLANG_ENABLE_OBJC_WEAK = YES;
				CLANG_WARN_BLOCK_CAPTURE_AUTORELEASING = YES;
				CLANG_WARN_BOOL_CONVERSION = YES;
				CLANG_WARN_COMMA = YES;
				CLANG_WARN_CONSTANT_CONVERSION = YES;
				CLANG_WARN_DEPRECATED_OBJC_IMPLEMENTATIONS = YES;
				CLANG_WARN_DIRECT_OBJC_ISA_USAGE = YES_ERROR;
				CLANG_WARN_DOCUMENTATION_COMMENTS = YES;
				CLANG_WARN_EMPTY_BODY = YES;
				CLANG_WARN_ENUM_CONVERSION = YES;
				CLANG_WARN_INFINITE_RECURSION = YES;
				CLANG_WARN_INT_CONVERSION = YES;
				CLANG_WARN_NON_LITERAL_NULL_CONVERSION = YES;
				CLANG_WARN_OBJC_IMPLICIT_RETAIN_SELF = YES;
				CLANG_WARN_OBJC_LITERAL_CONVERSION = YES;
				CLANG_WARN_OBJC_ROOT_CLASS = YES_ERROR;
				CLANG_WARN_RANGE_LOOP_ANALYSIS = YES;
				CLANG_WARN_STRICT_PROTOTYPES = YES;
				CLANG_WARN_SUSPICIOUS_MOVE = YES;
				CLANG_WARN_UNGUARDED_AVAILABILITY = YES_AGGRESSIVE;
				CLANG_WARN_UNREACHABLE_CODE = YES;
				CLANG_WARN__DUPLICATE_METHOD_MATCH = YES;
				COPY_PHASE_STRIP = NO;
				DEBUG_INFORMATION_FORMAT = "dwarf-with-dsym";
				ENABLE_NS_ASSERTIONS = NO;
				ENABLE_STRICT_OBJC_MSGSEND = YES;
				GCC_C_LANGUAGE_STANDARD = gnu11;
				GCC_NO_COMMON_BLOCKS = YES;
				GCC_WARN_64_TO_32_BIT_CONVERSION = YES;
				GCC_WARN_ABOUT_RETURN_TYPE = YES_ERROR;
				GCC_WARN_UNDECLARED_SELECTOR = YES;
				GCC_WARN_UNINITIALIZED_AUTOS = YES_AGGRESSIVE;
				GCC_WARN_UNUSED_FUNCTION = YES;
				GCC_WARN_UNUSED_VARIABLE = YES;
				IPHONEOS_DEPLOYMENT_TARGET = 13.7;
				MTL_ENABLE_DEBUG_INFO = NO;
				MTL_FAST_MATH = YES;
				SDKROOT = iphoneos;
				SWIFT_COMPILATION_MODE = wholemodule;
				SWIFT_OPTIMIZATION_LEVEL = "-O";
				VALIDATE_PRODUCT = YES;
			};
			name = Release;
		};
		D07B95CE25078C9100005DD8 /* Debug */ = {
			isa = XCBuildConfiguration;
			buildSettings = {
				ASSETCATALOG_COMPILER_APPICON_NAME = AppIcon;
				CODE_SIGN_STYLE = Automatic;
				DEVELOPMENT_TEAM = VPU2G3JG9S;
				INFOPLIST_FILE = "Live Parking Ghent/Info.plist";
				IPHONEOS_DEPLOYMENT_TARGET = 13.0;
				LD_RUNPATH_SEARCH_PATHS = (
					"$(inherited)",
					"@executable_path/Frameworks",
				);
				PRODUCT_BUNDLE_IDENTIFIER = "LeunesMedia.Live-Parking-Ghent";
				PRODUCT_NAME = "$(TARGET_NAME)";
				SWIFT_VERSION = 5.0;
				TARGETED_DEVICE_FAMILY = 1;
			};
			name = Debug;
		};
		D07B95CF25078C9100005DD8 /* Release */ = {
			isa = XCBuildConfiguration;
			buildSettings = {
				ASSETCATALOG_COMPILER_APPICON_NAME = AppIcon;
				CODE_SIGN_STYLE = Automatic;
				DEVELOPMENT_TEAM = VPU2G3JG9S;
				INFOPLIST_FILE = "Live Parking Ghent/Info.plist";
				IPHONEOS_DEPLOYMENT_TARGET = 13.0;
				LD_RUNPATH_SEARCH_PATHS = (
					"$(inherited)",
					"@executable_path/Frameworks",
				);
				PRODUCT_BUNDLE_IDENTIFIER = "LeunesMedia.Live-Parking-Ghent";
				PRODUCT_NAME = "$(TARGET_NAME)";
				SWIFT_VERSION = 5.0;
				TARGETED_DEVICE_FAMILY = 1;
			};
			name = Release;
		};
/* End XCBuildConfiguration section */

/* Begin XCConfigurationList section */
		D07B95B425078C8E00005DD8 /* Build configuration list for PBXProject "Live Parking Ghent" */ = {
			isa = XCConfigurationList;
			buildConfigurations = (
				D07B95CB25078C9100005DD8 /* Debug */,
				D07B95CC25078C9100005DD8 /* Release */,
			);
			defaultConfigurationIsVisible = 0;
			defaultConfigurationName = Release;
		};
		D07B95CD25078C9100005DD8 /* Build configuration list for PBXNativeTarget "Live Parking Ghent" */ = {
			isa = XCConfigurationList;
			buildConfigurations = (
				D07B95CE25078C9100005DD8 /* Debug */,
				D07B95CF25078C9100005DD8 /* Release */,
			);
			defaultConfigurationIsVisible = 0;
			defaultConfigurationName = Release;
		};
/* End XCConfigurationList section */
	};
	rootObject = D07B95B125078C8E00005DD8 /* Project object */;
}
